
Microsoft Visual Studio Solution File, Format Version 12.00
# Visual Studio Version 17
VisualStudioVersion = 17.11.35327.3
MinimumVisualStudioVersion = 10.0.40219.1
Project("{8BC9CEB8-8B4A-11D0-8D11-00A0C91BC942}") = "TextFun", "TextFun\TextFun.vcxproj", "{269AE618-7E1A-43BF-95B2-D883598CFA07}"
EndProject
Global
	GlobalSection(SolutionConfigurationPlatforms) = preSolution
		Debug|x64 = Debug|x64
		Debug|x86 = Debug|x86
		Release|x64 = Release|x64
		Release|x86 = Release|x86
	EndGlobalSection
	GlobalSection(ProjectConfigurationPlatforms) = postSolution
		{269AE618-7E1A-43BF-95B2-D883598CFA07}.Debug|x64.ActiveCfg = Debug|x64
		{269AE618-7E1A-43BF-95B2-D883598CFA07}.Debug|x64.Build.0 = Debug|x64
		{269AE618-7E1A-43BF-95B2-D883598CFA07}.Debug|x86.ActiveCfg = Debug|Win32
		{269AE618-7E1A-43BF-95B2-D883598CFA07}.Debug|x86.Build.0 = Debug|Win32
		{269AE618-7E1A-43BF-95B2-D883598CFA07}.Release|x64.ActiveCfg = Release|x64
		{269AE618-7E1A-43BF-95B2-D883598CFA07}.Release|x64.Build.0 = Release|x64
		{269AE618-7E1A-43BF-95B2-D883598CFA07}.Release|x86.ActiveCfg = Release|Win32
		{269AE618-7E1A-43BF-95B2-D883598CFA07}.Release|x86.Build.0 = Release|Win32
	EndGlobalSection
	GlobalSection(SolutionProperties) = preSolution
		HideSolutionNode = FALSE
	EndGlobalSection
	GlobalSection(ExtensibilityGlobals) = postSolution
		SolutionGuid = {BC70A0B8-764F-453C-953B-3D520CE26399}
	EndGlobalSection
EndGlobal
